
Microsoft Visual Studio Solution File, Format Version 12.00
# Visual Studio Version 17
VisualStudioVersion = 17.0.32014.148
MinimumVisualStudioVersion = 10.0.40219.1
Project("{9A19103F-16F7-4668-BE54-9A1E7A4F7556}") = "AspNetCoreHealthChecker", "AspNetCoreHealthChecker\AspNetCoreHealthChecker.csproj", "{4B096CBE-472E-4E51-8EA1-4CF721F5DA37}"
EndProject
Project("{9A19103F-16F7-4668-BE54-9A1E7A4F7556}") = "AspNetCoreHealthChecker.WebTest", "AspNetCoreHealthChecker.WebTest\AspNetCoreHealthChecker.WebTest.csproj", "{3D981944-2F99-4A27-8958-E754BF912BD2}"
EndProject
Project("{FAE04EC0-301F-11D3-BF4B-00C04F79EFBC}") = "AspNetCoreHealthChecker.RabbitMQ", "AspNetCoreHealthChecker.RabbitMQ\AspNetCoreHealthChecker.RabbitMQ.csproj", "{D049980D-3B4C-44C7-844B-62FC67325973}"
EndProject
Project("{FAE04EC0-301F-11D3-BF4B-00C04F79EFBC}") = "AspNetCoreHealthChecker.Network", "AspNetCoreHealthChecker.Network\AspNetCoreHealthChecker.Network.csproj", "{936E2BA4-37D6-475C-A620-A7EECFEB8117}"
EndProject
Project("{FAE04EC0-301F-11D3-BF4B-00C04F79EFBC}") = "AspNetCoreHealthChecker.Uri", "AspNetCoreHealthChecker.Uri\AspNetCoreHealthChecker.Uri.csproj", "{E0BC2539-CA00-4BC7-8360-C659A53DE601}"
EndProject
Project("{FAE04EC0-301F-11D3-BF4B-00C04F79EFBC}") = "AspNetCoreHealthChecker.ProberOld", "AspNetCoreHealthChecker.ProberOld\AspNetCoreHealthChecker.ProberOld.csproj", "{7850FD77-BDC9-4A28-A038-4C35F1938D52}"
EndProject
Project("{FAE04EC0-301F-11D3-BF4B-00C04F79EFBC}") = "AspNetCoreHealthChecker.Prober", "AspNetCoreHealthChecker.Prober\AspNetCoreHealthChecker.Prober.csproj", "{B2F41B60-A7CD-4817-8FC8-171A247AF33D}"
EndProject
Global
	GlobalSection(SolutionConfigurationPlatforms) = preSolution
		Debug|Any CPU = Debug|Any CPU
		Release|Any CPU = Release|Any CPU
	EndGlobalSection
	GlobalSection(ProjectConfigurationPlatforms) = postSolution
		{4B096CBE-472E-4E51-8EA1-4CF721F5DA37}.Debug|Any CPU.ActiveCfg = Debug|Any CPU
		{4B096CBE-472E-4E51-8EA1-4CF721F5DA37}.Debug|Any CPU.Build.0 = Debug|Any CPU
		{4B096CBE-472E-4E51-8EA1-4CF721F5DA37}.Release|Any CPU.ActiveCfg = Release|Any CPU
		{4B096CBE-472E-4E51-8EA1-4CF721F5DA37}.Release|Any CPU.Build.0 = Release|Any CPU
		{3D981944-2F99-4A27-8958-E754BF912BD2}.Debug|Any CPU.ActiveCfg = Debug|Any CPU
		{3D981944-2F99-4A27-8958-E754BF912BD2}.Debug|Any CPU.Build.0 = Debug|Any CPU
		{3D981944-2F99-4A27-8958-E754BF912BD2}.Release|Any CPU.ActiveCfg = Release|Any CPU
		{3D981944-2F99-4A27-8958-E754BF912BD2}.Release|Any CPU.Build.0 = Release|Any CPU
		{D049980D-3B4C-44C7-844B-62FC67325973}.Debug|Any CPU.ActiveCfg = Debug|Any CPU
		{D049980D-3B4C-44C7-844B-62FC67325973}.Debug|Any CPU.Build.0 = Debug|Any CPU
		{D049980D-3B4C-44C7-844B-62FC67325973}.Release|Any CPU.ActiveCfg = Release|Any CPU
		{D049980D-3B4C-44C7-844B-62FC67325973}.Release|Any CPU.Build.0 = Release|Any CPU
		{936E2BA4-37D6-475C-A620-A7EECFEB8117}.Debug|Any CPU.ActiveCfg = Debug|Any CPU
		{936E2BA4-37D6-475C-A620-A7EECFEB8117}.Debug|Any CPU.Build.0 = Debug|Any CPU
		{936E2BA4-37D6-475C-A620-A7EECFEB8117}.Release|Any CPU.ActiveCfg = Release|Any CPU
		{936E2BA4-37D6-475C-A620-A7EECFEB8117}.Release|Any CPU.Build.0 = Release|Any CPU
		{E0BC2539-CA00-4BC7-8360-C659A53DE601}.Debug|Any CPU.ActiveCfg = Debug|Any CPU
		{E0BC2539-CA00-4BC7-8360-C659A53DE601}.Debug|Any CPU.Build.0 = Debug|Any CPU
		{E0BC2539-CA00-4BC7-8360-C659A53DE601}.Release|Any CPU.ActiveCfg = Release|Any CPU
		{E0BC2539-CA00-4BC7-8360-C659A53DE601}.Release|Any CPU.Build.0 = Release|Any CPU
		{7850FD77-BDC9-4A28-A038-4C35F1938D52}.Debug|Any CPU.ActiveCfg = Debug|Any CPU
		{7850FD77-BDC9-4A28-A038-4C35F1938D52}.Debug|Any CPU.Build.0 = Debug|Any CPU
		{7850FD77-BDC9-4A28-A038-4C35F1938D52}.Release|Any CPU.ActiveCfg = Release|Any CPU
		{7850FD77-BDC9-4A28-A038-4C35F1938D52}.Release|Any CPU.Build.0 = Release|Any CPU
		{B2F41B60-A7CD-4817-8FC8-171A247AF33D}.Debug|Any CPU.ActiveCfg = Debug|Any CPU
		{B2F41B60-A7CD-4817-8FC8-171A247AF33D}.Debug|Any CPU.Build.0 = Debug|Any CPU
		{B2F41B60-A7CD-4817-8FC8-171A247AF33D}.Release|Any CPU.ActiveCfg = Release|Any CPU
		{B2F41B60-A7CD-4817-8FC8-171A247AF33D}.Release|Any CPU.Build.0 = Release|Any CPU
	EndGlobalSection
	GlobalSection(SolutionProperties) = preSolution
		HideSolutionNode = FALSE
	EndGlobalSection
	GlobalSection(ExtensibilityGlobals) = postSolution
		SolutionGuid = {2BD7A727-6FF9-414F-8F4D-0A5A7EB7B2BD}
	EndGlobalSection
EndGlobal
